
Microsoft Visual Studio Solution File, Format Version 12.00
# Visual Studio 15
VisualStudioVersion = 15.0.26430.16
MinimumVisualStudioVersion = 10.0.40219.1
Project("{FAE04EC0-301F-11D3-BF4B-00C04F79EFBC}") = "ParkCred.Droid", "ParkCred.Droid\ParkCred.Droid.csproj", "{B01A62DE-CDA6-4BEC-84A9-FB75E6C78290}"
EndProject
Project("{D954291E-2A0B-460D-934E-DC6B0785DB48}") = "ParkCred.Shared", "ParkCred.Shared\ParkCred.Shared.shproj", "{FA2FB86D-C461-4976-A4A8-57CC3FFDDCBB}"
EndProject
Global
	GlobalSection(SharedMSBuildProjectFiles) = preSolution
		ParkCred.Shared\ParkCred.Shared.projitems*{b01a62de-cda6-4bec-84a9-fb75e6c78290}*SharedItemsImports = 4
		ParkCred.Shared\ParkCred.Shared.projitems*{fa2fb86d-c461-4976-a4a8-57cc3ffddcbb}*SharedItemsImports = 13
	EndGlobalSection
	GlobalSection(SolutionConfigurationPlatforms) = preSolution
		Debug|Any CPU = Debug|Any CPU
		Release|Any CPU = Release|Any CPU
	EndGlobalSection
	GlobalSection(ProjectConfigurationPlatforms) = postSolution
		{B01A62DE-CDA6-4BEC-84A9-FB75E6C78290}.Debug|Any CPU.ActiveCfg = Debug|Any CPU
		{B01A62DE-CDA6-4BEC-84A9-FB75E6C78290}.Debug|Any CPU.Build.0 = Debug|Any CPU
		{B01A62DE-CDA6-4BEC-84A9-FB75E6C78290}.Debug|Any CPU.Deploy.0 = Debug|Any CPU
		{B01A62DE-CDA6-4BEC-84A9-FB75E6C78290}.Release|Any CPU.ActiveCfg = Release|Any CPU
		{B01A62DE-CDA6-4BEC-84A9-FB75E6C78290}.Release|Any CPU.Build.0 = Release|Any CPU
		{B01A62DE-CDA6-4BEC-84A9-FB75E6C78290}.Release|Any CPU.Deploy.0 = Release|Any CPU
	EndGlobalSection
	GlobalSection(SolutionProperties) = preSolution
		HideSolutionNode = FALSE
	EndGlobalSection
EndGlobal
